// !$*UTF8*$!
{
	archiveVersion = 1;
	classes = {
	};
	objectVersion = 46;
	objects = {

/* Begin PBXBuildFile section */
		0D7133E31EF0352D0057B502 /* HQLPreviewView.m in Sources */ = {isa = PBXBuildFile; fileRef = 0D7133E21EF0352D0057B502 /* HQLPreviewView.m */; };
		0DDB4A7C1EFC163F001122BB /* HQLPhotoPickerBaseController.m in Sources */ = {isa = PBXBuildFile; fileRef = 0DDB4A7B1EFC163F001122BB /* HQLPhotoPickerBaseController.m */; };
		4A38A15C1EEE742100CF2143 /* UIImage+Color.m in Sources */ = {isa = PBXBuildFile; fileRef = 4A38A15B1EEE742100CF2143 /* UIImage+Color.m */; };
		4A9CF0621EE136E7009ED1E7 /* main.m in Sources */ = {isa = PBXBuildFile; fileRef = 4A9CF0611EE136E7009ED1E7 /* main.m */; };
		4A9CF06D1EE136E7009ED1E7 /* Assets.xcassets in Resources */ = {isa = PBXBuildFile; fileRef = 4A9CF06C1EE136E7009ED1E7 /* Assets.xcassets */; };
		4A9CF0701EE136E7009ED1E7 /* LaunchScreen.storyboard in Resources */ = {isa = PBXBuildFile; fileRef = 4A9CF06E1EE136E7009ED1E7 /* LaunchScreen.storyboard */; };
		4A9CF0781EE15C5A009ED1E7 /* Info.plist in Resources */ = {isa = PBXBuildFile; fileRef = 4A9CF0771EE15C5A009ED1E7 /* Info.plist */; };
		4A9CF0831EE15C71009ED1E7 /* AppDelegate.m in Sources */ = {isa = PBXBuildFile; fileRef = 4A9CF0801EE15C71009ED1E7 /* AppDelegate.m */; };
		4A9CF0871EE15CBC009ED1E7 /* HQLPhotoManager.m in Sources */ = {isa = PBXBuildFile; fileRef = 4A9CF0861EE15CBC009ED1E7 /* HQLPhotoManager.m */; };
		4A9CF08A1EE266D2009ED1E7 /* HQLPhotoAlbumModel.m in Sources */ = {isa = PBXBuildFile; fileRef = 4A9CF0891EE266D2009ED1E7 /* HQLPhotoAlbumModel.m */; };
		4A9CF08D1EE26E25009ED1E7 /* HQLPhotoModel.m in Sources */ = {isa = PBXBuildFile; fileRef = 4A9CF08C1EE26E25009ED1E7 /* HQLPhotoModel.m */; };
		4A9CF0931EE2B35B009ED1E7 /* HQLPhotoHelper.m in Sources */ = {isa = PBXBuildFile; fileRef = 4A9CF0921EE2B35B009ED1E7 /* HQLPhotoHelper.m */; };
		4A9CF0971EE56C24009ED1E7 /* HQLMainController.m in Sources */ = {isa = PBXBuildFile; fileRef = 4A9CF0961EE56C24009ED1E7 /* HQLMainController.m */; };
		4A9CF09B1EE67CEB009ED1E7 /* UIView+Frame.m in Sources */ = {isa = PBXBuildFile; fileRef = 4A9CF09A1EE67CEB009ED1E7 /* UIView+Frame.m */; };
		4A9CF0A31EE680FA009ED1E7 /* HQLPhotoPickerController.m in Sources */ = {isa = PBXBuildFile; fileRef = 4A9CF0A21EE680FA009ED1E7 /* HQLPhotoPickerController.m */; };
		4A9CF0A61EE6811B009ED1E7 /* HQLPhotoPickerCell.m in Sources */ = {isa = PBXBuildFile; fileRef = 4A9CF0A51EE6811B009ED1E7 /* HQLPhotoPickerCell.m */; };
		4A9CF0B31EE79D12009ED1E7 /* HQLPhotoAlbumCell.m in Sources */ = {isa = PBXBuildFile; fileRef = 4A9CF0B21EE79D12009ED1E7 /* HQLPhotoAlbumCell.m */; };
		4A9CF0B51EE79D9A009ED1E7 /* HQLPhotoAlbumCell.xib in Resources */ = {isa = PBXBuildFile; fileRef = 4A9CF0B41EE79D9A009ED1E7 /* HQLPhotoAlbumCell.xib */; };
		4A9CF0BF1EE7B723009ED1E7 /* HQLPhotoPreViewController.m in Sources */ = {isa = PBXBuildFile; fileRef = 4A9CF0BE1EE7B723009ED1E7 /* HQLPhotoPreViewController.m */; };
		4A9CF0C21EE93986009ED1E7 /* HQLPhotoPreviewView.m in Sources */ = {isa = PBXBuildFile; fileRef = 4A9CF0C11EE93986009ED1E7 /* HQLPhotoPreviewView.m */; };
		4A9CF0C51EE95ED7009ED1E7 /* HQLVideoPreViewView.m in Sources */ = {isa = PBXBuildFile; fileRef = 4A9CF0C41EE95ED7009ED1E7 /* HQLVideoPreViewView.m */; };
		4AC132D01EEFDC1200184999 /* UIImage+HQLExtension.m in Sources */ = {isa = PBXBuildFile; fileRef = 4AC132CF1EEFDC1200184999 /* UIImage+HQLExtension.m */; };
		4AC132D31EF1184600184999 /* HQLPhotoPickerModalController.m in Sources */ = {isa = PBXBuildFile; fileRef = 4AC132D21EF1184600184999 /* HQLPhotoPickerModalController.m */; };
		4AC132DC1EF7D2D200184999 /* HQLTakePhotoCell.m in Sources */ = {isa = PBXBuildFile; fileRef = 4AC132DB1EF7D2D200184999 /* HQLTakePhotoCell.m */; };
		4AC132F41EFBA83600184999 /* center_pauseButton.png in Resources */ = {isa = PBXBuildFile; fileRef = 4AC132E61EFBA83600184999 /* center_pauseButton.png */; };
		4AC132F51EFBA83600184999 /* center_playButton.png in Resources */ = {isa = PBXBuildFile; fileRef = 4AC132E71EFBA83600184999 /* center_playButton.png */; };
		4AC132F61EFBA83600184999 /* checkButton_normal.png in Resources */ = {isa = PBXBuildFile; fileRef = 4AC132E81EFBA83600184999 /* checkButton_normal.png */; };
		4AC132F71EFBA83600184999 /* checkButton_selected.png in Resources */ = {isa = PBXBuildFile; fileRef = 4AC132E91EFBA83600184999 /* checkButton_selected.png */; };
		4AC132F81EFBA83600184999 /* closeButton.png in Resources */ = {isa = PBXBuildFile; fileRef = 4AC132EA1EFBA83600184999 /* closeButton.png */; };
		4AC132F91EFBA83600184999 /* common_arrow.png in Resources */ = {isa = PBXBuildFile; fileRef = 4AC132EB1EFBA83600184999 /* common_arrow.png */; };
		4AC132FA1EFBA83600184999 /* confirmButton.png in Resources */ = {isa = PBXBuildFile; fileRef = 4AC132EC1EFBA83600184999 /* confirmButton.png */; };
		4AC132FB1EFBA83600184999 /* defaultImage.png in Resources */ = {isa = PBXBuildFile; fileRef = 4AC132ED1EFBA83600184999 /* defaultImage.png */; };
		4AC132FC1EFBA83600184999 /* gif_icon.png in Resources */ = {isa = PBXBuildFile; fileRef = 4AC132EE1EFBA83600184999 /* gif_icon.png */; };
		4AC132FD1EFBA83600184999 /* livePhoto_icon.png in Resources */ = {isa = PBXBuildFile; fileRef = 4AC132EF1EFBA83600184999 /* livePhoto_icon.png */; };
		4AC132FE1EFBA83600184999 /* pauseButton.png in Resources */ = {isa = PBXBuildFile; fileRef = 4AC132F01EFBA83600184999 /* pauseButton.png */; };
		4AC132FF1EFBA83600184999 /* playButton.png in Resources */ = {isa = PBXBuildFile; fileRef = 4AC132F11EFBA83600184999 /* playButton.png */; };
		4AC133001EFBA83600184999 /* takePhotoButton.png in Resources */ = {isa = PBXBuildFile; fileRef = 4AC132F21EFBA83600184999 /* takePhotoButton.png */; };
		4AC133011EFBA83600184999 /* video_icon.png in Resources */ = {isa = PBXBuildFile; fileRef = 4AC132F31EFBA83600184999 /* video_icon.png */; };
/* End PBXBuildFile section */

/* Begin PBXFileReference section */
		0D7133E11EF0352D0057B502 /* HQLPreviewView.h */ = {isa = PBXFileReference; fileEncoding = 4; lastKnownFileType = sourcecode.c.h; path = HQLPreviewView.h; sourceTree = "<group>"; };
		0D7133E21EF0352D0057B502 /* HQLPreviewView.m */ = {isa = PBXFileReference; fileEncoding = 4; lastKnownFileType = sourcecode.c.objc; path = HQLPreviewView.m; sourceTree = "<group>"; };
		0DDB4A7A1EFC163F001122BB /* HQLPhotoPickerBaseController.h */ = {isa = PBXFileReference; fileEncoding = 4; lastKnownFileType = sourcecode.c.h; path = HQLPhotoPickerBaseController.h; sourceTree = "<group>"; };
		0DDB4A7B1EFC163F001122BB /* HQLPhotoPickerBaseController.m */ = {isa = PBXFileReference; fileEncoding = 4; lastKnownFileType = sourcecode.c.objc; path = HQLPhotoPickerBaseController.m; sourceTree = "<group>"; };
		4A38A15A1EEE742100CF2143 /* UIImage+Color.h */ = {isa = PBXFileReference; fileEncoding = 4; lastKnownFileType = sourcecode.c.h; path = "UIImage+Color.h"; sourceTree = "<group>"; };
		4A38A15B1EEE742100CF2143 /* UIImage+Color.m */ = {isa = PBXFileReference; fileEncoding = 4; lastKnownFileType = sourcecode.c.objc; path = "UIImage+Color.m"; sourceTree = "<group>"; };
		4A9CF05D1EE136E7009ED1E7 /* HQLPhotoPicker.app */ = {isa = PBXFileReference; explicitFileType = wrapper.application; includeInIndex = 0; path = HQLPhotoPicker.app; sourceTree = BUILT_PRODUCTS_DIR; };
		4A9CF0611EE136E7009ED1E7 /* main.m */ = {isa = PBXFileReference; lastKnownFileType = sourcecode.c.objc; path = main.m; sourceTree = "<group>"; };
		4A9CF06C1EE136E7009ED1E7 /* Assets.xcassets */ = {isa = PBXFileReference; lastKnownFileType = folder.assetcatalog; name = Assets.xcassets; path = ../Assets.xcassets; sourceTree = "<group>"; };
		4A9CF06F1EE136E7009ED1E7 /* Base */ = {isa = PBXFileReference; lastKnownFileType = file.storyboard; name = Base; path = Base.lproj/LaunchScreen.storyboard; sourceTree = "<group>"; };
		4A9CF0771EE15C5A009ED1E7 /* Info.plist */ = {isa = PBXFileReference; fileEncoding = 4; lastKnownFileType = text.plist.xml; path = Info.plist; sourceTree = "<group>"; };
		4A9CF07F1EE15C71009ED1E7 /* AppDelegate.h */ = {isa = PBXFileReference; fileEncoding = 4; lastKnownFileType = sourcecode.c.h; path = AppDelegate.h; sourceTree = "<group>"; };
		4A9CF0801EE15C71009ED1E7 /* AppDelegate.m */ = {isa = PBXFileReference; fileEncoding = 4; lastKnownFileType = sourcecode.c.objc; path = AppDelegate.m; sourceTree = "<group>"; };
		4A9CF0851EE15CBC009ED1E7 /* HQLPhotoManager.h */ = {isa = PBXFileReference; fileEncoding = 4; lastKnownFileType = sourcecode.c.h; path = HQLPhotoManager.h; sourceTree = "<group>"; };
		4A9CF0861EE15CBC009ED1E7 /* HQLPhotoManager.m */ = {isa = PBXFileReference; fileEncoding = 4; lastKnownFileType = sourcecode.c.objc; path = HQLPhotoManager.m; sourceTree = "<group>"; };
		4A9CF0881EE266D2009ED1E7 /* HQLPhotoAlbumModel.h */ = {isa = PBXFileReference; fileEncoding = 4; lastKnownFileType = sourcecode.c.h; path = HQLPhotoAlbumModel.h; sourceTree = "<group>"; };
		4A9CF0891EE266D2009ED1E7 /* HQLPhotoAlbumModel.m */ = {isa = PBXFileReference; fileEncoding = 4; lastKnownFileType = sourcecode.c.objc; path = HQLPhotoAlbumModel.m; sourceTree = "<group>"; };
		4A9CF08B1EE26E25009ED1E7 /* HQLPhotoModel.h */ = {isa = PBXFileReference; fileEncoding = 4; lastKnownFileType = sourcecode.c.h; path = HQLPhotoModel.h; sourceTree = "<group>"; };
		4A9CF08C1EE26E25009ED1E7 /* HQLPhotoModel.m */ = {isa = PBXFileReference; fileEncoding = 4; lastKnownFileType = sourcecode.c.objc; path = HQLPhotoModel.m; sourceTree = "<group>"; };
		4A9CF0911EE2B35B009ED1E7 /* HQLPhotoHelper.h */ = {isa = PBXFileReference; fileEncoding = 4; lastKnownFileType = sourcecode.c.h; path = HQLPhotoHelper.h; sourceTree = "<group>"; };
		4A9CF0921EE2B35B009ED1E7 /* HQLPhotoHelper.m */ = {isa = PBXFileReference; fileEncoding = 4; lastKnownFileType = sourcecode.c.objc; path = HQLPhotoHelper.m; sourceTree = "<group>"; };
		4A9CF0951EE56C24009ED1E7 /* HQLMainController.h */ = {isa = PBXFileReference; fileEncoding = 4; lastKnownFileType = sourcecode.c.h; path = HQLMainController.h; sourceTree = "<group>"; };
		4A9CF0961EE56C24009ED1E7 /* HQLMainController.m */ = {isa = PBXFileReference; fileEncoding = 4; lastKnownFileType = sourcecode.c.objc; path = HQLMainController.m; sourceTree = "<group>"; };
		4A9CF0991EE67CEB009ED1E7 /* UIView+Frame.h */ = {isa = PBXFileReference; fileEncoding = 4; lastKnownFileType = sourcecode.c.h; path = "UIView+Frame.h"; sourceTree = "<group>"; };
		4A9CF09A1EE67CEB009ED1E7 /* UIView+Frame.m */ = {isa = PBXFileReference; fileEncoding = 4; lastKnownFileType = sourcecode.c.objc; path = "UIView+Frame.m"; sourceTree = "<group>"; };
		4A9CF0A01EE67DD8009ED1E7 /* PrefixHeader.pch */ = {isa = PBXFileReference; lastKnownFileType = sourcecode.c.h; path = PrefixHeader.pch; sourceTree = "<group>"; };
		4A9CF0A11EE680FA009ED1E7 /* HQLPhotoPickerController.h */ = {isa = PBXFileReference; fileEncoding = 4; lastKnownFileType = sourcecode.c.h; path = HQLPhotoPickerController.h; sourceTree = "<group>"; };
		4A9CF0A21EE680FA009ED1E7 /* HQLPhotoPickerController.m */ = {isa = PBXFileReference; fileEncoding = 4; lastKnownFileType = sourcecode.c.objc; path = HQLPhotoPickerController.m; sourceTree = "<group>"; };
		4A9CF0A41EE6811B009ED1E7 /* HQLPhotoPickerCell.h */ = {isa = PBXFileReference; fileEncoding = 4; lastKnownFileType = sourcecode.c.h; path = HQLPhotoPickerCell.h; sourceTree = "<group>"; };
		4A9CF0A51EE6811B009ED1E7 /* HQLPhotoPickerCell.m */ = {isa = PBXFileReference; fileEncoding = 4; lastKnownFileType = sourcecode.c.objc; path = HQLPhotoPickerCell.m; sourceTree = "<group>"; };
		4A9CF0B11EE79D12009ED1E7 /* HQLPhotoAlbumCell.h */ = {isa = PBXFileReference; fileEncoding = 4; lastKnownFileType = sourcecode.c.h; path = HQLPhotoAlbumCell.h; sourceTree = "<group>"; };
		4A9CF0B21EE79D12009ED1E7 /* HQLPhotoAlbumCell.m */ = {isa = PBXFileReference; fileEncoding = 4; lastKnownFileType = sourcecode.c.objc; path = HQLPhotoAlbumCell.m; sourceTree = "<group>"; };
		4A9CF0B41EE79D9A009ED1E7 /* HQLPhotoAlbumCell.xib */ = {isa = PBXFileReference; fileEncoding = 4; lastKnownFileType = file.xib; path = HQLPhotoAlbumCell.xib; sourceTree = "<group>"; };
		4A9CF0BD1EE7B723009ED1E7 /* HQLPhotoPreViewController.h */ = {isa = PBXFileReference; fileEncoding = 4; lastKnownFileType = sourcecode.c.h; path = HQLPhotoPreViewController.h; sourceTree = "<group>"; };
		4A9CF0BE1EE7B723009ED1E7 /* HQLPhotoPreViewController.m */ = {isa = PBXFileReference; fileEncoding = 4; lastKnownFileType = sourcecode.c.objc; path = HQLPhotoPreViewController.m; sourceTree = "<group>"; };
		4A9CF0C01EE93986009ED1E7 /* HQLPhotoPreviewView.h */ = {isa = PBXFileReference; fileEncoding = 4; lastKnownFileType = sourcecode.c.h; path = HQLPhotoPreviewView.h; sourceTree = "<group>"; };
		4A9CF0C11EE93986009ED1E7 /* HQLPhotoPreviewView.m */ = {isa = PBXFileReference; fileEncoding = 4; lastKnownFileType = sourcecode.c.objc; path = HQLPhotoPreviewView.m; sourceTree = "<group>"; };
		4A9CF0C31EE95ED7009ED1E7 /* HQLVideoPreViewView.h */ = {isa = PBXFileReference; fileEncoding = 4; lastKnownFileType = sourcecode.c.h; path = HQLVideoPreViewView.h; sourceTree = "<group>"; };
		4A9CF0C41EE95ED7009ED1E7 /* HQLVideoPreViewView.m */ = {isa = PBXFileReference; fileEncoding = 4; lastKnownFileType = sourcecode.c.objc; path = HQLVideoPreViewView.m; sourceTree = "<group>"; };
		4AC132CE1EEFDC1200184999 /* UIImage+HQLExtension.h */ = {isa = PBXFileReference; fileEncoding = 4; lastKnownFileType = sourcecode.c.h; path = "UIImage+HQLExtension.h"; sourceTree = "<group>"; };
		4AC132CF1EEFDC1200184999 /* UIImage+HQLExtension.m */ = {isa = PBXFileReference; fileEncoding = 4; lastKnownFileType = sourcecode.c.objc; path = "UIImage+HQLExtension.m"; sourceTree = "<group>"; };
		4AC132D11EF1184600184999 /* HQLPhotoPickerModalController.h */ = {isa = PBXFileReference; fileEncoding = 4; lastKnownFileType = sourcecode.c.h; path = HQLPhotoPickerModalController.h; sourceTree = "<group>"; };
		4AC132D21EF1184600184999 /* HQLPhotoPickerModalController.m */ = {isa = PBXFileReference; fileEncoding = 4; lastKnownFileType = sourcecode.c.objc; path = HQLPhotoPickerModalController.m; sourceTree = "<group>"; };
		4AC132DA1EF7D2D200184999 /* HQLTakePhotoCell.h */ = {isa = PBXFileReference; fileEncoding = 4; lastKnownFileType = sourcecode.c.h; path = HQLTakePhotoCell.h; sourceTree = "<group>"; };
		4AC132DB1EF7D2D200184999 /* HQLTakePhotoCell.m */ = {isa = PBXFileReference; fileEncoding = 4; lastKnownFileType = sourcecode.c.objc; path = HQLTakePhotoCell.m; sourceTree = "<group>"; };
		4AC132E61EFBA83600184999 /* center_pauseButton.png */ = {isa = PBXFileReference; lastKnownFileType = image.png; path = center_pauseButton.png; sourceTree = "<group>"; };
		4AC132E71EFBA83600184999 /* center_playButton.png */ = {isa = PBXFileReference; lastKnownFileType = image.png; path = center_playButton.png; sourceTree = "<group>"; };
		4AC132E81EFBA83600184999 /* checkButton_normal.png */ = {isa = PBXFileReference; lastKnownFileType = image.png; path = checkButton_normal.png; sourceTree = "<group>"; };
		4AC132E91EFBA83600184999 /* checkButton_selected.png */ = {isa = PBXFileReference; lastKnownFileType = image.png; path = checkButton_selected.png; sourceTree = "<group>"; };
		4AC132EA1EFBA83600184999 /* closeButton.png */ = {isa = PBXFileReference; lastKnownFileType = image.png; path = closeButton.png; sourceTree = "<group>"; };
		4AC132EB1EFBA83600184999 /* common_arrow.png */ = {isa = PBXFileReference; lastKnownFileType = image.png; path = common_arrow.png; sourceTree = "<group>"; };
		4AC132EC1EFBA83600184999 /* confirmButton.png */ = {isa = PBXFileReference; lastKnownFileType = image.png; path = confirmButton.png; sourceTree = "<group>"; };
		4AC132ED1EFBA83600184999 /* defaultImage.png */ = {isa = PBXFileReference; lastKnownFileType = image.png; path = defaultImage.png; sourceTree = "<group>"; };
		4AC132EE1EFBA83600184999 /* gif_icon.png */ = {isa = PBXFileReference; lastKnownFileType = image.png; path = gif_icon.png; sourceTree = "<group>"; };
		4AC132EF1EFBA83600184999 /* livePhoto_icon.png */ = {isa = PBXFileReference; lastKnownFileType = image.png; path = livePhoto_icon.png; sourceTree = "<group>"; };
		4AC132F01EFBA83600184999 /* pauseButton.png */ = {isa = PBXFileReference; lastKnownFileType = image.png; path = pauseButton.png; sourceTree = "<group>"; };
		4AC132F11EFBA83600184999 /* playButton.png */ = {isa = PBXFileReference; lastKnownFileType = image.png; path = playButton.png; sourceTree = "<group>"; };
		4AC132F21EFBA83600184999 /* takePhotoButton.png */ = {isa = PBXFileReference; lastKnownFileType = image.png; path = takePhotoButton.png; sourceTree = "<group>"; };
		4AC132F31EFBA83600184999 /* video_icon.png */ = {isa = PBXFileReference; lastKnownFileType = image.png; path = video_icon.png; sourceTree = "<group>"; };
		4AC1335B1EFBA98100184999 /* HQLPhotoPicker.h */ = {isa = PBXFileReference; lastKnownFileType = sourcecode.c.h; path = HQLPhotoPicker.h; sourceTree = "<group>"; };
/* End PBXFileReference section */

/* Begin PBXFrameworksBuildPhase section */
		4A9CF05A1EE136E7009ED1E7 /* Frameworks */ = {
			isa = PBXFrameworksBuildPhase;
			buildActionMask = 2147483647;
			files = (
			);
			runOnlyForDeploymentPostprocessing = 0;
		};
/* End PBXFrameworksBuildPhase section */

/* Begin PBXGroup section */
		4A9CF0541EE136E7009ED1E7 = {
			isa = PBXGroup;
			children = (
				4A9CF05F1EE136E7009ED1E7 /* HQLPhotoPicker */,
				4A9CF05E1EE136E7009ED1E7 /* Products */,
			);
			sourceTree = "<group>";
		};
		4A9CF05E1EE136E7009ED1E7 /* Products */ = {
			isa = PBXGroup;
			children = (
				4A9CF05D1EE136E7009ED1E7 /* HQLPhotoPicker.app */,
			);
			name = Products;
			sourceTree = "<group>";
		};
		4A9CF05F1EE136E7009ED1E7 /* HQLPhotoPicker */ = {
			isa = PBXGroup;
			children = (
				4A9CF07E1EE15C71009ED1E7 /* Other */,
				4A9CF0791EE15C66009ED1E7 /* HQLPhotoPicker */,
				4A9CF0601EE136E7009ED1E7 /* Supporting Files */,
			);
			path = HQLPhotoPicker;
			sourceTree = "<group>";
		};
		4A9CF0601EE136E7009ED1E7 /* Supporting Files */ = {
			isa = PBXGroup;
			children = (
				4A9CF0771EE15C5A009ED1E7 /* Info.plist */,
				4A9CF0611EE136E7009ED1E7 /* main.m */,
				4A9CF0A01EE67DD8009ED1E7 /* PrefixHeader.pch */,
			);
			name = "Supporting Files";
			sourceTree = "<group>";
		};
		4A9CF0791EE15C66009ED1E7 /* HQLPhotoPicker */ = {
			isa = PBXGroup;
			children = (
				4AC132E51EFBA83600184999 /* Image */,
				4A9CF0981EE67CE4009ED1E7 /* Lib */,
				4A9CF07A1EE15C66009ED1E7 /* Controller */,
				4A9CF07B1EE15C66009ED1E7 /* Helper */,
				4A9CF07C1EE15C66009ED1E7 /* Model */,
				4A9CF07D1EE15C66009ED1E7 /* View */,
			);
			path = HQLPhotoPicker;
			sourceTree = "<group>";
		};
		4A9CF07A1EE15C66009ED1E7 /* Controller */ = {
			isa = PBXGroup;
			children = (
				4A9CF0951EE56C24009ED1E7 /* HQLMainController.h */,
				4A9CF0961EE56C24009ED1E7 /* HQLMainController.m */,
				4A9CF0A11EE680FA009ED1E7 /* HQLPhotoPickerController.h */,
				4A9CF0A21EE680FA009ED1E7 /* HQLPhotoPickerController.m */,
				4A9CF0BD1EE7B723009ED1E7 /* HQLPhotoPreViewController.h */,
				4A9CF0BE1EE7B723009ED1E7 /* HQLPhotoPreViewController.m */,
				4AC132D11EF1184600184999 /* HQLPhotoPickerModalController.h */,
				4AC132D21EF1184600184999 /* HQLPhotoPickerModalController.m */,
				0DDB4A7A1EFC163F001122BB /* HQLPhotoPickerBaseController.h */,
				0DDB4A7B1EFC163F001122BB /* HQLPhotoPickerBaseController.m */,
			);
			path = Controller;
			sourceTree = "<group>";
		};
		4A9CF07B1EE15C66009ED1E7 /* Helper */ = {
			isa = PBXGroup;
			children = (
				4A9CF0851EE15CBC009ED1E7 /* HQLPhotoManager.h */,
				4A9CF0861EE15CBC009ED1E7 /* HQLPhotoManager.m */,
				4A9CF0911EE2B35B009ED1E7 /* HQLPhotoHelper.h */,
				4A9CF0921EE2B35B009ED1E7 /* HQLPhotoHelper.m */,
				4AC1335B1EFBA98100184999 /* HQLPhotoPicker.h */,
			);
			path = Helper;
			sourceTree = "<group>";
		};
		4A9CF07C1EE15C66009ED1E7 /* Model */ = {
			isa = PBXGroup;
			children = (
				4A9CF0881EE266D2009ED1E7 /* HQLPhotoAlbumModel.h */,
				4A9CF0891EE266D2009ED1E7 /* HQLPhotoAlbumModel.m */,
				4A9CF08B1EE26E25009ED1E7 /* HQLPhotoModel.h */,
				4A9CF08C1EE26E25009ED1E7 /* HQLPhotoModel.m */,
			);
			path = Model;
			sourceTree = "<group>";
		};
		4A9CF07D1EE15C66009ED1E7 /* View */ = {
			isa = PBXGroup;
			children = (
				4AC132DA1EF7D2D200184999 /* HQLTakePhotoCell.h */,
				4AC132DB1EF7D2D200184999 /* HQLTakePhotoCell.m */,
				4A9CF0A41EE6811B009ED1E7 /* HQLPhotoPickerCell.h */,
				4A9CF0A51EE6811B009ED1E7 /* HQLPhotoPickerCell.m */,
				4A9CF0B11EE79D12009ED1E7 /* HQLPhotoAlbumCell.h */,
				4A9CF0B21EE79D12009ED1E7 /* HQLPhotoAlbumCell.m */,
				4A9CF0B41EE79D9A009ED1E7 /* HQLPhotoAlbumCell.xib */,
				4A9CF0C01EE93986009ED1E7 /* HQLPhotoPreviewView.h */,
				4A9CF0C11EE93986009ED1E7 /* HQLPhotoPreviewView.m */,
				4A9CF0C31EE95ED7009ED1E7 /* HQLVideoPreViewView.h */,
				4A9CF0C41EE95ED7009ED1E7 /* HQLVideoPreViewView.m */,
				0D7133E11EF0352D0057B502 /* HQLPreviewView.h */,
				0D7133E21EF0352D0057B502 /* HQLPreviewView.m */,
			);
			path = View;
			sourceTree = "<group>";
		};
		4A9CF07E1EE15C71009ED1E7 /* Other */ = {
			isa = PBXGroup;
			children = (
				4A9CF06C1EE136E7009ED1E7 /* Assets.xcassets */,
				4A9CF06E1EE136E7009ED1E7 /* LaunchScreen.storyboard */,
				4A9CF07F1EE15C71009ED1E7 /* AppDelegate.h */,
				4A9CF0801EE15C71009ED1E7 /* AppDelegate.m */,
			);
			path = Other;
			sourceTree = "<group>";
		};
		4A9CF0981EE67CE4009ED1E7 /* Lib */ = {
			isa = PBXGroup;
			children = (
				4A38A15A1EEE742100CF2143 /* UIImage+Color.h */,
				4A38A15B1EEE742100CF2143 /* UIImage+Color.m */,
				4A9CF0991EE67CEB009ED1E7 /* UIView+Frame.h */,
				4A9CF09A1EE67CEB009ED1E7 /* UIView+Frame.m */,
				4AC132CE1EEFDC1200184999 /* UIImage+HQLExtension.h */,
				4AC132CF1EEFDC1200184999 /* UIImage+HQLExtension.m */,
			);
			path = Lib;
			sourceTree = "<group>";
		};
		4AC132E51EFBA83600184999 /* Image */ = {
			isa = PBXGroup;
			children = (
				4AC132E61EFBA83600184999 /* center_pauseButton.png */,
				4AC132E71EFBA83600184999 /* center_playButton.png */,
				4AC132E81EFBA83600184999 /* checkButton_normal.png */,
				4AC132E91EFBA83600184999 /* checkButton_selected.png */,
				4AC132EA1EFBA83600184999 /* closeButton.png */,
				4AC132EB1EFBA83600184999 /* common_arrow.png */,
				4AC132EC1EFBA83600184999 /* confirmButton.png */,
				4AC132ED1EFBA83600184999 /* defaultImage.png */,
				4AC132EE1EFBA83600184999 /* gif_icon.png */,
				4AC132EF1EFBA83600184999 /* livePhoto_icon.png */,
				4AC132F01EFBA83600184999 /* pauseButton.png */,
				4AC132F11EFBA83600184999 /* playButton.png */,
				4AC132F21EFBA83600184999 /* takePhotoButton.png */,
				4AC132F31EFBA83600184999 /* video_icon.png */,
			);
			path = Image;
			sourceTree = "<group>";
		};
/* End PBXGroup section */

/* Begin PBXNativeTarget section */
		4A9CF05C1EE136E7009ED1E7 /* HQLPhotoPicker */ = {
			isa = PBXNativeTarget;
			buildConfigurationList = 4A9CF0741EE136E7009ED1E7 /* Build configuration list for PBXNativeTarget "HQLPhotoPicker" */;
			buildPhases = (
				4A9CF0591EE136E7009ED1E7 /* Sources */,
				4A9CF05A1EE136E7009ED1E7 /* Frameworks */,
				4A9CF05B1EE136E7009ED1E7 /* Resources */,
			);
			buildRules = (
			);
			dependencies = (
			);
			name = HQLPhotoPicker;
			productName = HQLPhotoPicker;
			productReference = 4A9CF05D1EE136E7009ED1E7 /* HQLPhotoPicker.app */;
			productType = "com.apple.product-type.application";
		};
/* End PBXNativeTarget section */

/* Begin PBXProject section */
		4A9CF0551EE136E7009ED1E7 /* Project object */ = {
			isa = PBXProject;
			attributes = {
				CLASSPREFIX = HQL;
				LastUpgradeCheck = 0820;
				ORGANIZATIONNAME = weplus;
				TargetAttributes = {
					4A9CF05C1EE136E7009ED1E7 = {
						CreatedOnToolsVersion = 8.2.1;
						DevelopmentTeam = 98B5P59X79;
						ProvisioningStyle = Automatic;
					};
				};
			};
			buildConfigurationList = 4A9CF0581EE136E7009ED1E7 /* Build configuration list for PBXProject "HQLPhotoPicker" */;
			compatibilityVersion = "Xcode 3.2";
			developmentRegion = English;
			hasScannedForEncodings = 0;
			knownRegions = (
				en,
				Base,
			);
			mainGroup = 4A9CF0541EE136E7009ED1E7;
			productRefGroup = 4A9CF05E1EE136E7009ED1E7 /* Products */;
			projectDirPath = "";
			projectRoot = "";
			targets = (
				4A9CF05C1EE136E7009ED1E7 /* HQLPhotoPicker */,
			);
		};
/* End PBXProject section */

/* Begin PBXResourcesBuildPhase section */
		4A9CF05B1EE136E7009ED1E7 /* Resources */ = {
			isa = PBXResourcesBuildPhase;
			buildActionMask = 2147483647;
			files = (
				4AC132F81EFBA83600184999 /* closeButton.png in Resources */,
				4AC132F41EFBA83600184999 /* center_pauseButton.png in Resources */,
				4AC132F61EFBA83600184999 /* checkButton_normal.png in Resources */,
				4AC132FF1EFBA83600184999 /* playButton.png in Resources */,
				4AC133011EFBA83600184999 /* video_icon.png in Resources */,
				4AC132FA1EFBA83600184999 /* confirmButton.png in Resources */,
				4A9CF0B51EE79D9A009ED1E7 /* HQLPhotoAlbumCell.xib in Resources */,
				4AC133001EFBA83600184999 /* takePhotoButton.png in Resources */,
				4AC132F51EFBA83600184999 /* center_playButton.png in Resources */,
				4A9CF0781EE15C5A009ED1E7 /* Info.plist in Resources */,
				4AC132FB1EFBA83600184999 /* defaultImage.png in Resources */,
				4AC132FC1EFBA83600184999 /* gif_icon.png in Resources */,
				4AC132F71EFBA83600184999 /* checkButton_selected.png in Resources */,
				4A9CF0701EE136E7009ED1E7 /* LaunchScreen.storyboard in Resources */,
				4AC132FE1EFBA83600184999 /* pauseButton.png in Resources */,
				4AC132FD1EFBA83600184999 /* livePhoto_icon.png in Resources */,
				4AC132F91EFBA83600184999 /* common_arrow.png in Resources */,
				4A9CF06D1EE136E7009ED1E7 /* Assets.xcassets in Resources */,
			);
			runOnlyForDeploymentPostprocessing = 0;
		};
/* End PBXResourcesBuildPhase section */

/* Begin PBXSourcesBuildPhase section */
		4A9CF0591EE136E7009ED1E7 /* Sources */ = {
			isa = PBXSourcesBuildPhase;
			buildActionMask = 2147483647;
			files = (
				4AC132D01EEFDC1200184999 /* UIImage+HQLExtension.m in Sources */,
				4A9CF09B1EE67CEB009ED1E7 /* UIView+Frame.m in Sources */,
				4A9CF08D1EE26E25009ED1E7 /* HQLPhotoModel.m in Sources */,
				4A9CF0831EE15C71009ED1E7 /* AppDelegate.m in Sources */,
				4A9CF08A1EE266D2009ED1E7 /* HQLPhotoAlbumModel.m in Sources */,
				4A9CF0B31EE79D12009ED1E7 /* HQLPhotoAlbumCell.m in Sources */,
				4AC132D31EF1184600184999 /* HQLPhotoPickerModalController.m in Sources */,
				4AC132DC1EF7D2D200184999 /* HQLTakePhotoCell.m in Sources */,
				4A9CF0C51EE95ED7009ED1E7 /* HQLVideoPreViewView.m in Sources */,
				4A9CF0C21EE93986009ED1E7 /* HQLPhotoPreviewView.m in Sources */,
				4A9CF0A61EE6811B009ED1E7 /* HQLPhotoPickerCell.m in Sources */,
				4A9CF0971EE56C24009ED1E7 /* HQLMainController.m in Sources */,
				0D7133E31EF0352D0057B502 /* HQLPreviewView.m in Sources */,
				0DDB4A7C1EFC163F001122BB /* HQLPhotoPickerBaseController.m in Sources */,
				4A9CF0BF1EE7B723009ED1E7 /* HQLPhotoPreViewController.m in Sources */,
				4A9CF0931EE2B35B009ED1E7 /* HQLPhotoHelper.m in Sources */,
				4A9CF0A31EE680FA009ED1E7 /* HQLPhotoPickerController.m in Sources */,
				4A38A15C1EEE742100CF2143 /* UIImage+Color.m in Sources */,
				4A9CF0871EE15CBC009ED1E7 /* HQLPhotoManager.m in Sources */,
				4A9CF0621EE136E7009ED1E7 /* main.m in Sources */,
			);
			runOnlyForDeploymentPostprocessing = 0;
		};
/* End PBXSourcesBuildPhase section */

/* Begin PBXVariantGroup section */
		4A9CF06E1EE136E7009ED1E7 /* LaunchScreen.storyboard */ = {
			isa = PBXVariantGroup;
			children = (
				4A9CF06F1EE136E7009ED1E7 /* Base */,
			);
			name = LaunchScreen.storyboard;
			path = ..;
			sourceTree = "<group>";
		};
/* End PBXVariantGroup section */

/* Begin XCBuildConfiguration section */
		4A9CF0721EE136E7009ED1E7 /* Debug */ = {
			isa = XCBuildConfiguration;
			buildSettings = {
				ALWAYS_SEARCH_USER_PATHS = NO;
				CLANG_ANALYZER_NONNULL = YES;
				CLANG_CXX_LANGUAGE_STANDARD = "gnu++0x";
				CLANG_CXX_LIBRARY = "libc++";
				CLANG_ENABLE_MODULES = YES;
				CLANG_ENABLE_OBJC_ARC = YES;
				CLANG_WARN_BOOL_CONVERSION = YES;
				CLANG_WARN_CONSTANT_CONVERSION = YES;
				CLANG_WARN_DIRECT_OBJC_ISA_USAGE = YES_ERROR;
				CLANG_WARN_DOCUMENTATION_COMMENTS = YES;
				CLANG_WARN_EMPTY_BODY = YES;
				CLANG_WARN_ENUM_CONVERSION = YES;
				CLANG_WARN_INFINITE_RECURSION = YES;
				CLANG_WARN_INT_CONVERSION = YES;
				CLANG_WARN_OBJC_ROOT_CLASS = YES_ERROR;
				CLANG_WARN_SUSPICIOUS_MOVE = YES;
				CLANG_WARN_UNREACHABLE_CODE = YES;
				CLANG_WARN__DUPLICATE_METHOD_MATCH = YES;
				"CODE_SIGN_IDENTITY[sdk=iphoneos*]" = "iPhone Developer";
				COPY_PHASE_STRIP = NO;
				DEBUG_INFORMATION_FORMAT = dwarf;
				ENABLE_STRICT_OBJC_MSGSEND = YES;
				ENABLE_TESTABILITY = YES;
				GCC_C_LANGUAGE_STANDARD = gnu99;
				GCC_DYNAMIC_NO_PIC = NO;
				GCC_INCREASE_PRECOMPILED_HEADER_SHARING = NO;
				GCC_NO_COMMON_BLOCKS = YES;
				GCC_OPTIMIZATION_LEVEL = 0;
				GCC_PRECOMPILE_PREFIX_HEADER = YES;
				GCC_PREFIX_HEADER = HQLPhotoPicker/PrefixHeader.pch;
				GCC_PREPROCESSOR_DEFINITIONS = (
					"DEBUG=1",
					"$(inherited)",
				);
				GCC_WARN_64_TO_32_BIT_CONVERSION = YES;
				GCC_WARN_ABOUT_RETURN_TYPE = YES_ERROR;
				GCC_WARN_UNDECLARED_SELECTOR = YES;
				GCC_WARN_UNINITIALIZED_AUTOS = YES_AGGRESSIVE;
				GCC_WARN_UNUSED_FUNCTION = YES;
				GCC_WARN_UNUSED_VARIABLE = YES;
				IPHONEOS_DEPLOYMENT_TARGET = 10.2;
				MTL_ENABLE_DEBUG_INFO = YES;
				ONLY_ACTIVE_ARCH = YES;
				SDKROOT = iphoneos;
				TARGETED_DEVICE_FAMILY = "1,2";
			};
			name = Debug;
		};
		4A9CF0731EE136E7009ED1E7 /* Release */ = {
			isa = XCBuildConfiguration;
			buildSettings = {
				ALWAYS_SEARCH_USER_PATHS = NO;
				CLANG_ANALYZER_NONNULL = YES;
				CLANG_CXX_LANGUAGE_STANDARD = "gnu++0x";
				CLANG_CXX_LIBRARY = "libc++";
				CLANG_ENABLE_MODULES = YES;
				CLANG_ENABLE_OBJC_ARC = YES;
				CLANG_WARN_BOOL_CONVERSION = YES;
				CLANG_WARN_CONSTANT_CONVERSION = YES;
				CLANG_WARN_DIRECT_OBJC_ISA_USAGE = YES_ERROR;
				CLANG_WARN_DOCUMENTATION_COMMENTS = YES;
				CLANG_WARN_EMPTY_BODY = YES;
				CLANG_WARN_ENUM_CONVERSION = YES;
				CLANG_WARN_INFINITE_RECURSION = YES;
				CLANG_WARN_INT_CONVERSION = YES;
				CLANG_WARN_OBJC_ROOT_CLASS = YES_ERROR;
				CLANG_WARN_SUSPICIOUS_MOVE = YES;
				CLANG_WARN_UNREACHABLE_CODE = YES;
				CLANG_WARN__DUPLICATE_METHOD_MATCH = YES;
				"CODE_SIGN_IDENTITY[sdk=iphoneos*]" = "iPhone Developer";
				COPY_PHASE_STRIP = NO;
				DEBUG_INFORMATION_FORMAT = "dwarf-with-dsym";
				ENABLE_NS_ASSERTIONS = NO;
				ENABLE_STRICT_OBJC_MSGSEND = YES;
				GCC_C_LANGUAGE_STANDARD = gnu99;
				GCC_INCREASE_PRECOMPILED_HEADER_SHARING = NO;
				GCC_NO_COMMON_BLOCKS = YES;
				GCC_PRECOMPILE_PREFIX_HEADER = YES;
				GCC_PREFIX_HEADER = HQLPhotoPicker/PrefixHeader.pch;
				GCC_WARN_64_TO_32_BIT_CONVERSION = YES;
				GCC_WARN_ABOUT_RETURN_TYPE = YES_ERROR;
				GCC_WARN_UNDECLARED_SELECTOR = YES;
				GCC_WARN_UNINITIALIZED_AUTOS = YES_AGGRESSIVE;
				GCC_WARN_UNUSED_FUNCTION = YES;
				GCC_WARN_UNUSED_VARIABLE = YES;
				IPHONEOS_DEPLOYMENT_TARGET = 10.2;
				MTL_ENABLE_DEBUG_INFO = NO;
				SDKROOT = iphoneos;
				TARGETED_DEVICE_FAMILY = "1,2";
				VALIDATE_PRODUCT = YES;
			};
			name = Release;
		};
		4A9CF0751EE136E7009ED1E7 /* Debug */ = {
			isa = XCBuildConfiguration;
			buildSettings = {
				ASSETCATALOG_COMPILER_APPICON_NAME = AppIcon;
				DEVELOPMENT_TEAM = 98B5P59X79;
				INFOPLIST_FILE = HQLPhotoPicker/Info.plist;
				LD_RUNPATH_SEARCH_PATHS = "$(inherited) @executable_path/Frameworks";
				PRODUCT_BUNDLE_IDENTIFIER = cn.weplus.HQLPhotoPicker1;
				PRODUCT_NAME = "$(TARGET_NAME)";
			};
			name = Debug;
		};
		4A9CF0761EE136E7009ED1E7 /* Release */ = {
			isa = XCBuildConfiguration;
			buildSettings = {
				ASSETCATALOG_COMPILER_APPICON_NAME = AppIcon;
				DEVELOPMENT_TEAM = 98B5P59X79;
				INFOPLIST_FILE = HQLPhotoPicker/Info.plist;
				LD_RUNPATH_SEARCH_PATHS = "$(inherited) @executable_path/Frameworks";
				PRODUCT_BUNDLE_IDENTIFIER = cn.weplus.HQLPhotoPicker1;
				PRODUCT_NAME = "$(TARGET_NAME)";
			};
			name = Release;
		};
/* End XCBuildConfiguration section */

/* Begin XCConfigurationList section */
		4A9CF0581EE136E7009ED1E7 /* Build configuration list for PBXProject "HQLPhotoPicker" */ = {
			isa = XCConfigurationList;
			buildConfigurations = (
				4A9CF0721EE136E7009ED1E7 /* Debug */,
				4A9CF0731EE136E7009ED1E7 /* Release */,
			);
			defaultConfigurationIsVisible = 0;
			defaultConfigurationName = Release;
		};
		4A9CF0741EE136E7009ED1E7 /* Build configuration list for PBXNativeTarget "HQLPhotoPicker" */ = {
			isa = XCConfigurationList;
			buildConfigurations = (
				4A9CF0751EE136E7009ED1E7 /* Debug */,
				4A9CF0761EE136E7009ED1E7 /* Release */,
			);
			defaultConfigurationIsVisible = 0;
			defaultConfigurationName = Release;
		};
/* End XCConfigurationList section */
	};
	rootObject = 4A9CF0551EE136E7009ED1E7 /* Project object */;
}
